// !$*UTF8*$!
{
	archiveVersion = 1;
	classes = {
	};
	objectVersion = 77;
	objects = {

/* Begin PBXBuildFile section */
		0420960C2D8156E0005DA660 /* AddAlarmView.swift in Sources */ = {isa = PBXBuildFile; fileRef = 042096012D8156E0005DA660 /* AddAlarmView.swift */; };
		0420960D2D8156E0005DA660 /* AddAlarmViewModel.swift in Sources */ = {isa = PBXBuildFile; fileRef = 042096022D8156E0005DA660 /* AddAlarmViewModel.swift */; };
		042096142D8156E0005DA660 /* EditAlarmView.swift in Sources */ = {isa = PBXBuildFile; fileRef = 0420960A2D8156E0005DA660 /* EditAlarmView.swift */; };
		042096152D8156E0005DA660 /* EditAlarmViewModel.swift in Sources */ = {isa = PBXBuildFile; fileRef = 0420960B2D8156E0005DA660 /* EditAlarmViewModel.swift */; };
/* End PBXBuildFile section */

/* Begin PBXContainerItemProxy section */
		04B1F68D2D8035A200CAF5F2 /* PBXContainerItemProxy */ = {
			isa = PBXContainerItemProxy;
			containerPortal = 04B1F6742D8035A000CAF5F2 /* Project object */;
			proxyType = 1;
			remoteGlobalIDString = 04B1F67B2D8035A000CAF5F2;
			remoteInfo = "Alarm APP";
		};
		04B1F6972D8035A200CAF5F2 /* PBXContainerItemProxy */ = {
			isa = PBXContainerItemProxy;
			containerPortal = 04B1F6742D8035A000CAF5F2 /* Project object */;
			proxyType = 1;
			remoteGlobalIDString = 04B1F67B2D8035A000CAF5F2;
			remoteInfo = "Alarm APP";
		};
/* End PBXContainerItemProxy section */

/* Begin PBXFileReference section */
		042096012D8156E0005DA660 /* AddAlarmView.swift */ = {isa = PBXFileReference; lastKnownFileType = sourcecode.swift; path = AddAlarmView.swift; sourceTree = "<group>"; };
		042096022D8156E0005DA660 /* AddAlarmViewModel.swift */ = {isa = PBXFileReference; lastKnownFileType = sourcecode.swift; path = AddAlarmViewModel.swift; sourceTree = "<group>"; };
		0420960A2D8156E0005DA660 /* EditAlarmView.swift */ = {isa = PBXFileReference; lastKnownFileType = sourcecode.swift; path = EditAlarmView.swift; sourceTree = "<group>"; };
		0420960B2D8156E0005DA660 /* EditAlarmViewModel.swift */ = {isa = PBXFileReference; lastKnownFileType = sourcecode.swift; path = EditAlarmViewModel.swift; sourceTree = "<group>"; };
		04B1F67C2D8035A000CAF5F2 /* Alarm APP.app */ = {isa = PBXFileReference; explicitFileType = wrapper.application; includeInIndex = 0; path = "Alarm APP.app"; sourceTree = BUILT_PRODUCTS_DIR; };
		04B1F68C2D8035A200CAF5F2 /* Alarm APPTests.xctest */ = {isa = PBXFileReference; explicitFileType = wrapper.cfbundle; includeInIndex = 0; path = "Alarm APPTests.xctest"; sourceTree = BUILT_PRODUCTS_DIR; };
		04B1F6962D8035A200CAF5F2 /* Alarm APPUITests.xctest */ = {isa = PBXFileReference; explicitFileType = wrapper.cfbundle; includeInIndex = 0; path = "Alarm APPUITests.xctest"; sourceTree = BUILT_PRODUCTS_DIR; };
/* End PBXFileReference section */

/* Begin PBXFileSystemSynchronizedRootGroup section */
		042096342D815F96005DA660 /* AlarmListView */ = {
			isa = PBXFileSystemSynchronizedRootGroup;
			path = AlarmListView;
			sourceTree = "<group>";
		};
		04B1F67E2D8035A000CAF5F2 /* Alarm APP */ = {
			isa = PBXFileSystemSynchronizedRootGroup;
			path = "Alarm APP";
			sourceTree = "<group>";
		};
		04B1F68F2D8035A200CAF5F2 /* Alarm APPTests */ = {
			isa = PBXFileSystemSynchronizedRootGroup;
			path = "Alarm APPTests";
			sourceTree = "<group>";
		};
		04B1F6992D8035A200CAF5F2 /* Alarm APPUITests */ = {
			isa = PBXFileSystemSynchronizedRootGroup;
			path = "Alarm APPUITests";
			sourceTree = "<group>";
		};
		04B1F6DD2D8048F000CAF5F2 /* Preview Content */ = {
			isa = PBXFileSystemSynchronizedRootGroup;
			path = "Preview Content";
			sourceTree = "<group>";
		};
/* End PBXFileSystemSynchronizedRootGroup section */

/* Begin PBXFrameworksBuildPhase section */
		04B1F6792D8035A000CAF5F2 /* Frameworks */ = {
			isa = PBXFrameworksBuildPhase;
			buildActionMask = 2147483647;
			files = (
			);
			runOnlyForDeploymentPostprocessing = 0;
		};
		04B1F6892D8035A200CAF5F2 /* Frameworks */ = {
			isa = PBXFrameworksBuildPhase;
			buildActionMask = 2147483647;
			files = (
			);
			runOnlyForDeploymentPostprocessing = 0;
		};
		04B1F6932D8035A200CAF5F2 /* Frameworks */ = {
			isa = PBXFrameworksBuildPhase;
			buildActionMask = 2147483647;
			files = (
			);
			runOnlyForDeploymentPostprocessing = 0;
		};
/* End PBXFrameworksBuildPhase section */

/* Begin PBXGroup section */
		042096242D815CB3005DA660 /* New Group */ = {
			isa = PBXGroup;
			children = (
				042096342D815F96005DA660 /* AlarmListView */,
				042096272D815CFA005DA660 /* AddAlarmViews */,
				042096282D815D14005DA660 /* EditAlarmViews */,
				04B1F6DD2D8048F000CAF5F2 /* Preview Content */,
			);
			path = "New Group";
			sourceTree = "<group>";
		};
		042096272D815CFA005DA660 /* AddAlarmViews */ = {
			isa = PBXGroup;
			children = (
				042096012D8156E0005DA660 /* AddAlarmView.swift */,
				042096022D8156E0005DA660 /* AddAlarmViewModel.swift */,
			);
			path = AddAlarmViews;
			sourceTree = "<group>";
		};
		042096282D815D14005DA660 /* EditAlarmViews */ = {
			isa = PBXGroup;
			children = (
				0420960A2D8156E0005DA660 /* EditAlarmView.swift */,
				0420960B2D8156E0005DA660 /* EditAlarmViewModel.swift */,
			);
			path = EditAlarmViews;
			sourceTree = "<group>";
		};
		04B1F6732D8035A000CAF5F2 = {
			isa = PBXGroup;
			children = (
				042096242D815CB3005DA660 /* New Group */,
				04B1F67E2D8035A000CAF5F2 /* Alarm APP */,
				04B1F68F2D8035A200CAF5F2 /* Alarm APPTests */,
				04B1F6992D8035A200CAF5F2 /* Alarm APPUITests */,
				04B1F67D2D8035A000CAF5F2 /* Products */,
			);
			sourceTree = "<group>";
		};
		04B1F67D2D8035A000CAF5F2 /* Products */ = {
			isa = PBXGroup;
			children = (
				04B1F67C2D8035A000CAF5F2 /* Alarm APP.app */,
				04B1F68C2D8035A200CAF5F2 /* Alarm APPTests.xctest */,
				04B1F6962D8035A200CAF5F2 /* Alarm APPUITests.xctest */,
			);
			name = Products;
			sourceTree = "<group>";
		};
/* End PBXGroup section */

/* Begin PBXNativeTarget section */
		04B1F67B2D8035A000CAF5F2 /* Alarm APP */ = {
			isa = PBXNativeTarget;
			buildConfigurationList = 04B1F6A02D8035A200CAF5F2 /* Build configuration list for PBXNativeTarget "Alarm APP" */;
			buildPhases = (
				04B1F6782D8035A000CAF5F2 /* Sources */,
				04B1F6792D8035A000CAF5F2 /* Frameworks */,
				04B1F67A2D8035A000CAF5F2 /* Resources */,
			);
			buildRules = (
			);
			dependencies = (
			);
			fileSystemSynchronizedGroups = (
				042096342D815F96005DA660 /* AlarmListView */,
				04B1F67E2D8035A000CAF5F2 /* Alarm APP */,
				04B1F6DD2D8048F000CAF5F2 /* Preview Content */,
			);
			name = "Alarm APP";
			packageProductDependencies = (
			);
			productName = "Alarm APP";
			productReference = 04B1F67C2D8035A000CAF5F2 /* Alarm APP.app */;
			productType = "com.apple.product-type.application";
		};
		04B1F68B2D8035A200CAF5F2 /* Alarm APPTests */ = {
			isa = PBXNativeTarget;
			buildConfigurationList = 04B1F6A32D8035A200CAF5F2 /* Build configuration list for PBXNativeTarget "Alarm APPTests" */;
			buildPhases = (
				04B1F6882D8035A200CAF5F2 /* Sources */,
				04B1F6892D8035A200CAF5F2 /* Frameworks */,
				04B1F68A2D8035A200CAF5F2 /* Resources */,
			);
			buildRules = (
			);
			dependencies = (
				04B1F68E2D8035A200CAF5F2 /* PBXTargetDependency */,
			);
			fileSystemSynchronizedGroups = (
				04B1F68F2D8035A200CAF5F2 /* Alarm APPTests */,
			);
			name = "Alarm APPTests";
			packageProductDependencies = (
			);
			productName = "Alarm APPTests";
			productReference = 04B1F68C2D8035A200CAF5F2 /* Alarm APPTests.xctest */;
			productType = "com.apple.product-type.bundle.unit-test";
		};
		04B1F6952D8035A200CAF5F2 /* Alarm APPUITests */ = {
			isa = PBXNativeTarget;
			buildConfigurationList = 04B1F6A62D8035A200CAF5F2 /* Build configuration list for PBXNativeTarget "Alarm APPUITests" */;
			buildPhases = (
				04B1F6922D8035A200CAF5F2 /* Sources */,
				04B1F6932D8035A200CAF5F2 /* Frameworks */,
				04B1F6942D8035A200CAF5F2 /* Resources */,
			);
			buildRules = (
			);
			dependencies = (
				04B1F6982D8035A200CAF5F2 /* PBXTargetDependency */,
			);
			fileSystemSynchronizedGroups = (
				04B1F6992D8035A200CAF5F2 /* Alarm APPUITests */,
			);
			name = "Alarm APPUITests";
			packageProductDependencies = (
			);
			productName = "Alarm APPUITests";
			productReference = 04B1F6962D8035A200CAF5F2 /* Alarm APPUITests.xctest */;
			productType = "com.apple.product-type.bundle.ui-testing";
		};
/* End PBXNativeTarget section */

/* Begin PBXProject section */
		04B1F6742D8035A000CAF5F2 /* Project object */ = {
			isa = PBXProject;
			attributes = {
				BuildIndependentTargetsInParallel = 1;
				LastSwiftUpdateCheck = 1620;
				LastUpgradeCheck = 1620;
				TargetAttributes = {
					04B1F67B2D8035A000CAF5F2 = {
						CreatedOnToolsVersion = 16.2;
					};
					04B1F68B2D8035A200CAF5F2 = {
						CreatedOnToolsVersion = 16.2;
						TestTargetID = 04B1F67B2D8035A000CAF5F2;
					};
					04B1F6952D8035A200CAF5F2 = {
						CreatedOnToolsVersion = 16.2;
						TestTargetID = 04B1F67B2D8035A000CAF5F2;
					};
				};
			};
			buildConfigurationList = 04B1F6772D8035A000CAF5F2 /* Build configuration list for PBXProject "Alarm APP" */;
			developmentRegion = en;
			hasScannedForEncodings = 0;
			knownRegions = (
				en,
				Base,
			);
			mainGroup = 04B1F6732D8035A000CAF5F2;
			minimizedProjectReferenceProxies = 1;
			preferredProjectObjectVersion = 77;
			productRefGroup = 04B1F67D2D8035A000CAF5F2 /* Products */;
			projectDirPath = "";
			projectRoot = "";
			targets = (
				04B1F67B2D8035A000CAF5F2 /* Alarm APP */,
				04B1F68B2D8035A200CAF5F2 /* Alarm APPTests */,
				04B1F6952D8035A200CAF5F2 /* Alarm APPUITests */,
			);
		};
/* End PBXProject section */

/* Begin PBXResourcesBuildPhase section */
		04B1F67A2D8035A000CAF5F2 /* Resources */ = {
			isa = PBXResourcesBuildPhase;
			buildActionMask = 2147483647;
			files = (
			);
			runOnlyForDeploymentPostprocessing = 0;
		};
		04B1F68A2D8035A200CAF5F2 /* Resources */ = {
			isa = PBXResourcesBuildPhase;
			buildActionMask = 2147483647;
			files = (
			);
			runOnlyForDeploymentPostprocessing = 0;
		};
		04B1F6942D8035A200CAF5F2 /* Resources */ = {
			isa = PBXResourcesBuildPhase;
			buildActionMask = 2147483647;
			files = (
			);
			runOnlyForDeploymentPostprocessing = 0;
		};
/* End PBXResourcesBuildPhase section */

/* Begin PBXSourcesBuildPhase section */
		04B1F6782D8035A000CAF5F2 /* Sources */ = {
			isa = PBXSourcesBuildPhase;
			buildActionMask = 2147483647;
			files = (
				0420960C2D8156E0005DA660 /* AddAlarmView.swift in Sources */,
				0420960D2D8156E0005DA660 /* AddAlarmViewModel.swift in Sources */,
				042096142D8156E0005DA660 /* EditAlarmView.swift in Sources */,
				042096152D8156E0005DA660 /* EditAlarmViewModel.swift in Sources */,
			);
			runOnlyForDeploymentPostprocessing = 0;
		};
		04B1F6882D8035A200CAF5F2 /* Sources */ = {
			isa = PBXSourcesBuildPhase;
			buildActionMask = 2147483647;
			files = (
			);
			runOnlyForDeploymentPostprocessing = 0;
		};
		04B1F6922D8035A200CAF5F2 /* Sources */ = {
			isa = PBXSourcesBuildPhase;
			buildActionMask = 2147483647;
			files = (
			);
			runOnlyForDeploymentPostprocessing = 0;
		};
/* End PBXSourcesBuildPhase section */

/* Begin PBXTargetDependency section */
		04B1F68E2D8035A200CAF5F2 /* PBXTargetDependency */ = {
			isa = PBXTargetDependency;
			target = 04B1F67B2D8035A000CAF5F2 /* Alarm APP */;
			targetProxy = 04B1F68D2D8035A200CAF5F2 /* PBXContainerItemProxy */;
		};
		04B1F6982D8035A200CAF5F2 /* PBXTargetDependency */ = {
			isa = PBXTargetDependency;
			target = 04B1F67B2D8035A000CAF5F2 /* Alarm APP */;
			targetProxy = 04B1F6972D8035A200CAF5F2 /* PBXContainerItemProxy */;
		};
/* End PBXTargetDependency section */

/* Begin XCBuildConfiguration section */
		04B1F69E2D8035A200CAF5F2 /* Debug */ = {
			isa = XCBuildConfiguration;
			buildSettings = {
				ALWAYS_SEARCH_USER_PATHS = NO;
				ASSETCATALOG_COMPILER_GENERATE_SWIFT_ASSET_SYMBOL_EXTENSIONS = YES;
				CLANG_ANALYZER_NONNULL = YES;
				CLANG_ANALYZER_NUMBER_OBJECT_CONVERSION = YES_AGGRESSIVE;
				CLANG_CXX_LANGUAGE_STANDARD = "gnu++20";
				CLANG_ENABLE_MODULES = YES;
				CLANG_ENABLE_OBJC_ARC = YES;
				CLANG_ENABLE_OBJC_WEAK = YES;
				CLANG_WARN_BLOCK_CAPTURE_AUTORELEASING = YES;
				CLANG_WARN_BOOL_CONVERSION = YES;
				CLANG_WARN_COMMA = YES;
				CLANG_WARN_CONSTANT_CONVERSION = YES;
				CLANG_WARN_DEPRECATED_OBJC_IMPLEMENTATIONS = YES;
				CLANG_WARN_DIRECT_OBJC_ISA_USAGE = YES_ERROR;
				CLANG_WARN_DOCUMENTATION_COMMENTS = YES;
				CLANG_WARN_EMPTY_BODY = YES;
				CLANG_WARN_ENUM_CONVERSION = YES;
				CLANG_WARN_INFINITE_RECURSION = YES;
				CLANG_WARN_INT_CONVERSION = YES;
				CLANG_WARN_NON_LITERAL_NULL_CONVERSION = YES;
				CLANG_WARN_OBJC_IMPLICIT_RETAIN_SELF = YES;
				CLANG_WARN_OBJC_LITERAL_CONVERSION = YES;
				CLANG_WARN_OBJC_ROOT_CLASS = YES_ERROR;
				CLANG_WARN_QUOTED_INCLUDE_IN_FRAMEWORK_HEADER = YES;
				CLANG_WARN_RANGE_LOOP_ANALYSIS = YES;
				CLANG_WARN_STRICT_PROTOTYPES = YES;
				CLANG_WARN_SUSPICIOUS_MOVE = YES;
				CLANG_WARN_UNGUARDED_AVAILABILITY = YES_AGGRESSIVE;
				CLANG_WARN_UNREACHABLE_CODE = YES;
				CLANG_WARN__DUPLICATE_METHOD_MATCH = YES;
				COPY_PHASE_STRIP = NO;
				DEBUG_INFORMATION_FORMAT = dwarf;
				ENABLE_STRICT_OBJC_MSGSEND = YES;
				ENABLE_TESTABILITY = YES;
				ENABLE_USER_SCRIPT_SANDBOXING = YES;
				GCC_C_LANGUAGE_STANDARD = gnu17;
				GCC_DYNAMIC_NO_PIC = NO;
				GCC_NO_COMMON_BLOCKS = YES;
				GCC_OPTIMIZATION_LEVEL = 0;
				GCC_PREPROCESSOR_DEFINITIONS = (
					"DEBUG=1",
					"$(inherited)",
				);
				GCC_WARN_64_TO_32_BIT_CONVERSION = YES;
				GCC_WARN_ABOUT_RETURN_TYPE = YES_ERROR;
				GCC_WARN_UNDECLARED_SELECTOR = YES;
				GCC_WARN_UNINITIALIZED_AUTOS = YES_AGGRESSIVE;
				GCC_WARN_UNUSED_FUNCTION = YES;
				GCC_WARN_UNUSED_VARIABLE = YES;
				IPHONEOS_DEPLOYMENT_TARGET = 18.2;
				LOCALIZATION_PREFERS_STRING_CATALOGS = YES;
				MTL_ENABLE_DEBUG_INFO = INCLUDE_SOURCE;
				MTL_FAST_MATH = YES;
				ONLY_ACTIVE_ARCH = YES;
				SDKROOT = iphoneos;
				SWIFT_ACTIVE_COMPILATION_CONDITIONS = "DEBUG $(inherited)";
				SWIFT_OPTIMIZATION_LEVEL = "-Onone";
			};
			name = Debug;
		};
		04B1F69F2D8035A200CAF5F2 /* Release */ = {
			isa = XCBuildConfiguration;
			buildSettings = {
				ALWAYS_SEARCH_USER_PATHS = NO;
				ASSETCATALOG_COMPILER_GENERATE_SWIFT_ASSET_SYMBOL_EXTENSIONS = YES;
				CLANG_ANALYZER_NONNULL = YES;
				CLANG_ANALYZER_NUMBER_OBJECT_CONVERSION = YES_AGGRESSIVE;
				CLANG_CXX_LANGUAGE_STANDARD = "gnu++20";
				CLANG_ENABLE_MODULES = YES;
				CLANG_ENABLE_OBJC_ARC = YES;
				CLANG_ENABLE_OBJC_WEAK = YES;
				CLANG_WARN_BLOCK_CAPTURE_AUTORELEASING = YES;
				CLANG_WARN_BOOL_CONVERSION = YES;
				CLANG_WARN_COMMA = YES;
				CLANG_WARN_CONSTANT_CONVERSION = YES;
				CLANG_WARN_DEPRECATED_OBJC_IMPLEMENTATIONS = YES;
				CLANG_WARN_DIRECT_OBJC_ISA_USAGE = YES_ERROR;
				CLANG_WARN_DOCUMENTATION_COMMENTS = YES;
				CLANG_WARN_EMPTY_BODY = YES;
				CLANG_WARN_ENUM_CONVERSION = YES;
				CLANG_WARN_INFINITE_RECURSION = YES;
				CLANG_WARN_INT_CONVERSION = YES;
				CLANG_WARN_NON_LITERAL_NULL_CONVERSION = YES;
				CLANG_WARN_OBJC_IMPLICIT_RETAIN_SELF = YES;
				CLANG_WARN_OBJC_LITERAL_CONVERSION = YES;
				CLANG_WARN_OBJC_ROOT_CLASS = YES_ERROR;
				CLANG_WARN_QUOTED_INCLUDE_IN_FRAMEWORK_HEADER = YES;
				CLANG_WARN_RANGE_LOOP_ANALYSIS = YES;
				CLANG_WARN_STRICT_PROTOTYPES = YES;
				CLANG_WARN_SUSPICIOUS_MOVE = YES;
				CLANG_WARN_UNGUARDED_AVAILABILITY = YES_AGGRESSIVE;
				CLANG_WARN_UNREACHABLE_CODE = YES;
				CLANG_WARN__DUPLICATE_METHOD_MATCH = YES;
				COPY_PHASE_STRIP = NO;
				DEBUG_INFORMATION_FORMAT = "dwarf-with-dsym";
				ENABLE_NS_ASSERTIONS = NO;
				ENABLE_STRICT_OBJC_MSGSEND = YES;
				ENABLE_USER_SCRIPT_SANDBOXING = YES;
				GCC_C_LANGUAGE_STANDARD = gnu17;
				GCC_NO_COMMON_BLOCKS = YES;
				GCC_WARN_64_TO_32_BIT_CONVERSION = YES;
				GCC_WARN_ABOUT_RETURN_TYPE = YES_ERROR;
				GCC_WARN_UNDECLARED_SELECTOR = YES;
				GCC_WARN_UNINITIALIZED_AUTOS = YES_AGGRESSIVE;
				GCC_WARN_UNUSED_FUNCTION = YES;
				GCC_WARN_UNUSED_VARIABLE = YES;
				IPHONEOS_DEPLOYMENT_TARGET = 18.2;
				LOCALIZATION_PREFERS_STRING_CATALOGS = YES;
				MTL_ENABLE_DEBUG_INFO = NO;
				MTL_FAST_MATH = YES;
				SDKROOT = iphoneos;
				SWIFT_COMPILATION_MODE = wholemodule;
				VALIDATE_PRODUCT = YES;
			};
			name = Release;
		};
		04B1F6A12D8035A200CAF5F2 /* Debug */ = {
			isa = XCBuildConfiguration;
			buildSettings = {
				ASSETCATALOG_COMPILER_APPICON_NAME = AppIcon;
				ASSETCATALOG_COMPILER_GLOBAL_ACCENT_COLOR_NAME = AccentColor;
				CODE_SIGN_STYLE = Automatic;
				CURRENT_PROJECT_VERSION = 1;
				DEVELOPMENT_ASSET_PATHS = "\"Alarm APP/Preview Content\"";
				ENABLE_PREVIEWS = YES;
				GENERATE_INFOPLIST_FILE = YES;
				INFOPLIST_KEY_UIApplicationSceneManifest_Generation = YES;
				INFOPLIST_KEY_UIApplicationSupportsIndirectInputEvents = YES;
				INFOPLIST_KEY_UILaunchScreen_Generation = YES;
				INFOPLIST_KEY_UISupportedInterfaceOrientations_iPad = "UIInterfaceOrientationPortrait UIInterfaceOrientationPortraitUpsideDown UIInterfaceOrientationLandscapeLeft UIInterfaceOrientationLandscapeRight";
				INFOPLIST_KEY_UISupportedInterfaceOrientations_iPhone = "UIInterfaceOrientationPortrait UIInterfaceOrientationLandscapeLeft UIInterfaceOrientationLandscapeRight";
				LD_RUNPATH_SEARCH_PATHS = (
					"$(inherited)",
					"@executable_path/Frameworks",
				);
				MARKETING_VERSION = 1.0;
				PRODUCT_BUNDLE_IDENTIFIER = "ahsan.Alarm-APP";
				PRODUCT_NAME = "$(TARGET_NAME)";
				SWIFT_EMIT_LOC_STRINGS = YES;
				SWIFT_VERSION = 5.0;
				TARGETED_DEVICE_FAMILY = "1,2";
			};
			name = Debug;
		};
		04B1F6A22D8035A200CAF5F2 /* Release */ = {
			isa = XCBuildConfiguration;
			buildSettings = {
				ASSETCATALOG_COMPILER_APPICON_NAME = AppIcon;
				ASSETCATALOG_COMPILER_GLOBAL_ACCENT_COLOR_NAME = AccentColor;
				CODE_SIGN_STYLE = Automatic;
				CURRENT_PROJECT_VERSION = 1;
				DEVELOPMENT_ASSET_PATHS = "\"Alarm APP/Preview Content\"";
				ENABLE_PREVIEWS = YES;
				GENERATE_INFOPLIST_FILE = YES;
				INFOPLIST_KEY_UIApplicationSceneManifest_Generation = YES;
				INFOPLIST_KEY_UIApplicationSupportsIndirectInputEvents = YES;
				INFOPLIST_KEY_UILaunchScreen_Generation = YES;
				INFOPLIST_KEY_UISupportedInterfaceOrientations_iPad = "UIInterfaceOrientationPortrait UIInterfaceOrientationPortraitUpsideDown UIInterfaceOrientationLandscapeLeft UIInterfaceOrientationLandscapeRight";
				INFOPLIST_KEY_UISupportedInterfaceOrientations_iPhone = "UIInterfaceOrientationPortrait UIInterfaceOrientationLandscapeLeft UIInterfaceOrientationLandscapeRight";
				LD_RUNPATH_SEARCH_PATHS = (
					"$(inherited)",
					"@executable_path/Frameworks",
				);
				MARKETING_VERSION = 1.0;
				PRODUCT_BUNDLE_IDENTIFIER = "ahsan.Alarm-APP";
				PRODUCT_NAME = "$(TARGET_NAME)";
				SWIFT_EMIT_LOC_STRINGS = YES;
				SWIFT_VERSION = 5.0;
				TARGETED_DEVICE_FAMILY = "1,2";
			};
			name = Release;
		};
		04B1F6A42D8035A200CAF5F2 /* Debug */ = {
			isa = XCBuildConfiguration;
			buildSettings = {
				BUNDLE_LOADER = "$(TEST_HOST)";
				CODE_SIGN_STYLE = Automatic;
				CURRENT_PROJECT_VERSION = 1;
				GENERATE_INFOPLIST_FILE = YES;
				IPHONEOS_DEPLOYMENT_TARGET = 18.2;
				MARKETING_VERSION = 1.0;
				PRODUCT_BUNDLE_IDENTIFIER = "ahsan.Alarm-APPTests";
				PRODUCT_NAME = "$(TARGET_NAME)";
				SWIFT_EMIT_LOC_STRINGS = NO;
				SWIFT_VERSION = 5.0;
				TARGETED_DEVICE_FAMILY = "1,2";
				TEST_HOST = "$(BUILT_PRODUCTS_DIR)/Alarm APP.app/$(BUNDLE_EXECUTABLE_FOLDER_PATH)/Alarm APP";
			};
			name = Debug;
		};
		04B1F6A52D8035A200CAF5F2 /* Release */ = {
			isa = XCBuildConfiguration;
			buildSettings = {
				BUNDLE_LOADER = "$(TEST_HOST)";
				CODE_SIGN_STYLE = Automatic;
				CURRENT_PROJECT_VERSION = 1;
				GENERATE_INFOPLIST_FILE = YES;
				IPHONEOS_DEPLOYMENT_TARGET = 18.2;
				MARKETING_VERSION = 1.0;
				PRODUCT_BUNDLE_IDENTIFIER = "ahsan.Alarm-APPTests";
				PRODUCT_NAME = "$(TARGET_NAME)";
				SWIFT_EMIT_LOC_STRINGS = NO;
				SWIFT_VERSION = 5.0;
				TARGETED_DEVICE_FAMILY = "1,2";
				TEST_HOST = "$(BUILT_PRODUCTS_DIR)/Alarm APP.app/$(BUNDLE_EXECUTABLE_FOLDER_PATH)/Alarm APP";
			};
			name = Release;
		};
		04B1F6A72D8035A200CAF5F2 /* Debug */ = {
			isa = XCBuildConfiguration;
			buildSettings = {
				CODE_SIGN_STYLE = Automatic;
				CURRENT_PROJECT_VERSION = 1;
				GENERATE_INFOPLIST_FILE = YES;
				MARKETING_VERSION = 1.0;
				PRODUCT_BUNDLE_IDENTIFIER = "ahsan.Alarm-APPUITests";
				PRODUCT_NAME = "$(TARGET_NAME)";
				SWIFT_EMIT_LOC_STRINGS = NO;
				SWIFT_VERSION = 5.0;
				TARGETED_DEVICE_FAMILY = "1,2";
				TEST_TARGET_NAME = "Alarm APP";
			};
			name = Debug;
		};
		04B1F6A82D8035A200CAF5F2 /* Release */ = {
			isa = XCBuildConfiguration;
			buildSettings = {
				CODE_SIGN_STYLE = Automatic;
				CURRENT_PROJECT_VERSION = 1;
				GENERATE_INFOPLIST_FILE = YES;
				MARKETING_VERSION = 1.0;
				PRODUCT_BUNDLE_IDENTIFIER = "ahsan.Alarm-APPUITests";
				PRODUCT_NAME = "$(TARGET_NAME)";
				SWIFT_EMIT_LOC_STRINGS = NO;
				SWIFT_VERSION = 5.0;
				TARGETED_DEVICE_FAMILY = "1,2";
				TEST_TARGET_NAME = "Alarm APP";
			};
			name = Release;
		};
/* End XCBuildConfiguration section */

/* Begin XCConfigurationList section */
		04B1F6772D8035A000CAF5F2 /* Build configuration list for PBXProject "Alarm APP" */ = {
			isa = XCConfigurationList;
			buildConfigurations = (
				04B1F69E2D8035A200CAF5F2 /* Debug */,
				04B1F69F2D8035A200CAF5F2 /* Release */,
			);
			defaultConfigurationIsVisible = 0;
			defaultConfigurationName = Release;
		};
		04B1F6A02D8035A200CAF5F2 /* Build configuration list for PBXNativeTarget "Alarm APP" */ = {
			isa = XCConfigurationList;
			buildConfigurations = (
				04B1F6A12D8035A200CAF5F2 /* Debug */,
				04B1F6A22D8035A200CAF5F2 /* Release */,
			);
			defaultConfigurationIsVisible = 0;
			defaultConfigurationName = Release;
		};
		04B1F6A32D8035A200CAF5F2 /* Build configuration list for PBXNativeTarget "Alarm APPTests" */ = {
			isa = XCConfigurationList;
			buildConfigurations = (
				04B1F6A42D8035A200CAF5F2 /* Debug */,
				04B1F6A52D8035A200CAF5F2 /* Release */,
			);
			defaultConfigurationIsVisible = 0;
			defaultConfigurationName = Release;
		};
		04B1F6A62D8035A200CAF5F2 /* Build configuration list for PBXNativeTarget "Alarm APPUITests" */ = {
			isa = XCConfigurationList;
			buildConfigurations = (
				04B1F6A72D8035A200CAF5F2 /* Debug */,
				04B1F6A82D8035A200CAF5F2 /* Release */,
			);
			defaultConfigurationIsVisible = 0;
			defaultConfigurationName = Release;
		};
/* End XCConfigurationList section */
	};
	rootObject = 04B1F6742D8035A000CAF5F2 /* Project object */;
}
